
Microsoft Visual Studio Solution File, Format Version 12.00
# Visual Studio Version 17
VisualStudioVersion = 17.1.32228.430
MinimumVisualStudioVersion = 10.0.40219.1
Project("{FAE04EC0-301F-11D3-BF4B-00C04F79EFBC}") = "WPFHello", "Practice\WorkWindow\WPFHello.csproj", "{A462A220-B4ED-4BAE-AC32-2BE73949D69E}"
EndProject
Project("{FAE04EC0-301F-11D3-BF4B-00C04F79EFBC}") = "WpfHelloNav", "Practice\WpfHelloNav\WpfHelloNav.csproj", "{3A3C4452-54B2-4060-A112-CA3F310EA0BB}"
EndProject
Project("{FAE04EC0-301F-11D3-BF4B-00C04F79EFBC}") = "WpfRoutedEvent", "Practice\WpfRoutedEvent\WpfRoutedEvent.csproj", "{1EC8600F-9F64-4FB3-BFB3-F68197D7A2BE}"
EndProject
Project("{FAE04EC0-301F-11D3-BF4B-00C04F79EFBC}") = "WpfRoutedEvent_2", "Practice\WpfRoutedEvent2\WpfRoutedEvent_2.csproj", "{90A526DE-A6B0-472C-B7B1-E5E10F3F12A7}"
EndProject
Project("{FAE04EC0-301F-11D3-BF4B-00C04F79EFBC}") = "BackgroundWorker", "Practice\ComponentBackgroundWorker\BackgroundWorker.csproj", "{FABDFB18-3BD6-46D6-BD9E-374B25E97497}"
EndProject
Project("{FAE04EC0-301F-11D3-BF4B-00C04F79EFBC}") = "WinFormsToWPF", "Practice\WinFormsToWPF\WinFormsToWPF.csproj", "{534408EA-5B54-4686-977C-E3C1073765D9}"
EndProject
Project("{FAE04EC0-301F-11D3-BF4B-00C04F79EFBC}") = "WPFVisualCS", "Practice\WPFVisualCS\WPFVisualCS.csproj", "{1801D169-352D-411D-9A82-84F3AA969D48}"
EndProject
Project("{FAE04EC0-301F-11D3-BF4B-00C04F79EFBC}") = "WPFPolygon", "Practice\PointsIt\WPFPolygon.csproj", "{90031DC6-465C-4C59-AAA4-CD04A04CCD1D}"
EndProject
Project("{FAE04EC0-301F-11D3-BF4B-00C04F79EFBC}") = "PaintEditWPF", "Practice\PaintEditWPF\PaintEditWPF.csproj", "{10423E25-0551-4D16-8AC9-A807A29C2779}"
EndProject
Project("{FAE04EC0-301F-11D3-BF4B-00C04F79EFBC}") = "WPFToolkit", "Practice\UseWPFToolkit\WPFToolkit.csproj", "{B34EDC21-8A35-4AC6-A449-167B259AFD51}"
EndProject
Project("{FAE04EC0-301F-11D3-BF4B-00C04F79EFBC}") = "Props", "Practice\WorkToProperties\Props.csproj", "{8307A24C-BB04-4976-8D4F-1A2459BCB36B}"
EndProject
Project("{2150E333-8FDC-42A3-9474-1A3956D46DE8}") = "Practice", "Practice", "{ADD4C9F9-5C24-4DBE-8C19-E40CA4763B62}"
EndProject
Project("{2150E333-8FDC-42A3-9474-1A3956D46DE8}") = "Labs", "Labs", "{15EE89DB-2D89-4231-B8E7-B2B83A947CAF}"
EndProject
Project("{FAE04EC0-301F-11D3-BF4B-00C04F79EFBC}") = "ExpenseIt", "Labs\ExpenseIt\ExpenseIt.csproj", "{7A54336C-6854-4F0E-96EB-71D5F5616174}"
EndProject
Project("{FAE04EC0-301F-11D3-BF4B-00C04F79EFBC}") = "WPF_MVVM", "Labs\WPF_MVVM\WPF_MVVM.csproj", "{F2DA7A16-F821-4447-84FF-77BDB02D7782}"
EndProject
Global
	GlobalSection(SolutionConfigurationPlatforms) = preSolution
		Debug|Any CPU = Debug|Any CPU
		Debug|x86 = Debug|x86
		Release|Any CPU = Release|Any CPU
		Release|x86 = Release|x86
	EndGlobalSection
	GlobalSection(ProjectConfigurationPlatforms) = postSolution
		{A462A220-B4ED-4BAE-AC32-2BE73949D69E}.Debug|Any CPU.ActiveCfg = Debug|Any CPU
		{A462A220-B4ED-4BAE-AC32-2BE73949D69E}.Debug|Any CPU.Build.0 = Debug|Any CPU
		{A462A220-B4ED-4BAE-AC32-2BE73949D69E}.Debug|x86.ActiveCfg = Debug|Any CPU
		{A462A220-B4ED-4BAE-AC32-2BE73949D69E}.Debug|x86.Build.0 = Debug|Any CPU
		{A462A220-B4ED-4BAE-AC32-2BE73949D69E}.Release|Any CPU.ActiveCfg = Release|Any CPU
		{A462A220-B4ED-4BAE-AC32-2BE73949D69E}.Release|Any CPU.Build.0 = Release|Any CPU
		{A462A220-B4ED-4BAE-AC32-2BE73949D69E}.Release|x86.ActiveCfg = Release|Any CPU
		{A462A220-B4ED-4BAE-AC32-2BE73949D69E}.Release|x86.Build.0 = Release|Any CPU
		{3A3C4452-54B2-4060-A112-CA3F310EA0BB}.Debug|Any CPU.ActiveCfg = Debug|Any CPU
		{3A3C4452-54B2-4060-A112-CA3F310EA0BB}.Debug|Any CPU.Build.0 = Debug|Any CPU
		{3A3C4452-54B2-4060-A112-CA3F310EA0BB}.Debug|x86.ActiveCfg = Debug|Any CPU
		{3A3C4452-54B2-4060-A112-CA3F310EA0BB}.Debug|x86.Build.0 = Debug|Any CPU
		{3A3C4452-54B2-4060-A112-CA3F310EA0BB}.Release|Any CPU.ActiveCfg = Release|Any CPU
		{3A3C4452-54B2-4060-A112-CA3F310EA0BB}.Release|Any CPU.Build.0 = Release|Any CPU
		{3A3C4452-54B2-4060-A112-CA3F310EA0BB}.Release|x86.ActiveCfg = Release|Any CPU
		{3A3C4452-54B2-4060-A112-CA3F310EA0BB}.Release|x86.Build.0 = Release|Any CPU
		{1EC8600F-9F64-4FB3-BFB3-F68197D7A2BE}.Debug|Any CPU.ActiveCfg = Debug|Any CPU
		{1EC8600F-9F64-4FB3-BFB3-F68197D7A2BE}.Debug|Any CPU.Build.0 = Debug|Any CPU
		{1EC8600F-9F64-4FB3-BFB3-F68197D7A2BE}.Debug|x86.ActiveCfg = Debug|Any CPU
		{1EC8600F-9F64-4FB3-BFB3-F68197D7A2BE}.Debug|x86.Build.0 = Debug|Any CPU
		{1EC8600F-9F64-4FB3-BFB3-F68197D7A2BE}.Release|Any CPU.ActiveCfg = Release|Any CPU
		{1EC8600F-9F64-4FB3-BFB3-F68197D7A2BE}.Release|Any CPU.Build.0 = Release|Any CPU
		{1EC8600F-9F64-4FB3-BFB3-F68197D7A2BE}.Release|x86.ActiveCfg = Release|Any CPU
		{1EC8600F-9F64-4FB3-BFB3-F68197D7A2BE}.Release|x86.Build.0 = Release|Any CPU
		{90A526DE-A6B0-472C-B7B1-E5E10F3F12A7}.Debug|Any CPU.ActiveCfg = Debug|Any CPU
		{90A526DE-A6B0-472C-B7B1-E5E10F3F12A7}.Debug|Any CPU.Build.0 = Debug|Any CPU
		{90A526DE-A6B0-472C-B7B1-E5E10F3F12A7}.Debug|x86.ActiveCfg = Debug|Any CPU
		{90A526DE-A6B0-472C-B7B1-E5E10F3F12A7}.Debug|x86.Build.0 = Debug|Any CPU
		{90A526DE-A6B0-472C-B7B1-E5E10F3F12A7}.Release|Any CPU.ActiveCfg = Release|Any CPU
		{90A526DE-A6B0-472C-B7B1-E5E10F3F12A7}.Release|Any CPU.Build.0 = Release|Any CPU
		{90A526DE-A6B0-472C-B7B1-E5E10F3F12A7}.Release|x86.ActiveCfg = Release|Any CPU
		{90A526DE-A6B0-472C-B7B1-E5E10F3F12A7}.Release|x86.Build.0 = Release|Any CPU
		{FABDFB18-3BD6-46D6-BD9E-374B25E97497}.Debug|Any CPU.ActiveCfg = Debug|Any CPU
		{FABDFB18-3BD6-46D6-BD9E-374B25E97497}.Debug|Any CPU.Build.0 = Debug|Any CPU
		{FABDFB18-3BD6-46D6-BD9E-374B25E97497}.Debug|x86.ActiveCfg = Debug|Any CPU
		{FABDFB18-3BD6-46D6-BD9E-374B25E97497}.Debug|x86.Build.0 = Debug|Any CPU
		{FABDFB18-3BD6-46D6-BD9E-374B25E97497}.Release|Any CPU.ActiveCfg = Release|Any CPU
		{FABDFB18-3BD6-46D6-BD9E-374B25E97497}.Release|Any CPU.Build.0 = Release|Any CPU
		{FABDFB18-3BD6-46D6-BD9E-374B25E97497}.Release|x86.ActiveCfg = Release|Any CPU
		{FABDFB18-3BD6-46D6-BD9E-374B25E97497}.Release|x86.Build.0 = Release|Any CPU
		{534408EA-5B54-4686-977C-E3C1073765D9}.Debug|Any CPU.ActiveCfg = Debug|Any CPU
		{534408EA-5B54-4686-977C-E3C1073765D9}.Debug|Any CPU.Build.0 = Debug|Any CPU
		{534408EA-5B54-4686-977C-E3C1073765D9}.Debug|x86.ActiveCfg = Debug|Any CPU
		{534408EA-5B54-4686-977C-E3C1073765D9}.Debug|x86.Build.0 = Debug|Any CPU
		{534408EA-5B54-4686-977C-E3C1073765D9}.Release|Any CPU.ActiveCfg = Release|Any CPU
		{534408EA-5B54-4686-977C-E3C1073765D9}.Release|Any CPU.Build.0 = Release|Any CPU
		{534408EA-5B54-4686-977C-E3C1073765D9}.Release|x86.ActiveCfg = Release|Any CPU
		{534408EA-5B54-4686-977C-E3C1073765D9}.Release|x86.Build.0 = Release|Any CPU
		{1801D169-352D-411D-9A82-84F3AA969D48}.Debug|Any CPU.ActiveCfg = Debug|Any CPU
		{1801D169-352D-411D-9A82-84F3AA969D48}.Debug|Any CPU.Build.0 = Debug|Any CPU
		{1801D169-352D-411D-9A82-84F3AA969D48}.Debug|x86.ActiveCfg = Debug|Any CPU
		{1801D169-352D-411D-9A82-84F3AA969D48}.Debug|x86.Build.0 = Debug|Any CPU
		{1801D169-352D-411D-9A82-84F3AA969D48}.Release|Any CPU.ActiveCfg = Release|Any CPU
		{1801D169-352D-411D-9A82-84F3AA969D48}.Release|Any CPU.Build.0 = Release|Any CPU
		{1801D169-352D-411D-9A82-84F3AA969D48}.Release|x86.ActiveCfg = Release|Any CPU
		{1801D169-352D-411D-9A82-84F3AA969D48}.Release|x86.Build.0 = Release|Any CPU
		{90031DC6-465C-4C59-AAA4-CD04A04CCD1D}.Debug|Any CPU.ActiveCfg = Debug|Any CPU
		{90031DC6-465C-4C59-AAA4-CD04A04CCD1D}.Debug|Any CPU.Build.0 = Debug|Any CPU
		{90031DC6-465C-4C59-AAA4-CD04A04CCD1D}.Debug|x86.ActiveCfg = Debug|Any CPU
		{90031DC6-465C-4C59-AAA4-CD04A04CCD1D}.Debug|x86.Build.0 = Debug|Any CPU
		{90031DC6-465C-4C59-AAA4-CD04A04CCD1D}.Release|Any CPU.ActiveCfg = Release|Any CPU
		{90031DC6-465C-4C59-AAA4-CD04A04CCD1D}.Release|Any CPU.Build.0 = Release|Any CPU
		{90031DC6-465C-4C59-AAA4-CD04A04CCD1D}.Release|x86.ActiveCfg = Release|Any CPU
		{90031DC6-465C-4C59-AAA4-CD04A04CCD1D}.Release|x86.Build.0 = Release|Any CPU
		{10423E25-0551-4D16-8AC9-A807A29C2779}.Debug|Any CPU.ActiveCfg = Debug|Any CPU
		{10423E25-0551-4D16-8AC9-A807A29C2779}.Debug|Any CPU.Build.0 = Debug|Any CPU
		{10423E25-0551-4D16-8AC9-A807A29C2779}.Debug|x86.ActiveCfg = Debug|Any CPU
		{10423E25-0551-4D16-8AC9-A807A29C2779}.Debug|x86.Build.0 = Debug|Any CPU
		{10423E25-0551-4D16-8AC9-A807A29C2779}.Release|Any CPU.ActiveCfg = Release|Any CPU
		{10423E25-0551-4D16-8AC9-A807A29C2779}.Release|Any CPU.Build.0 = Release|Any CPU
		{10423E25-0551-4D16-8AC9-A807A29C2779}.Release|x86.ActiveCfg = Release|Any CPU
		{10423E25-0551-4D16-8AC9-A807A29C2779}.Release|x86.Build.0 = Release|Any CPU
		{B34EDC21-8A35-4AC6-A449-167B259AFD51}.Debug|Any CPU.ActiveCfg = Debug|Any CPU
		{B34EDC21-8A35-4AC6-A449-167B259AFD51}.Debug|Any CPU.Build.0 = Debug|Any CPU
		{B34EDC21-8A35-4AC6-A449-167B259AFD51}.Debug|x86.ActiveCfg = Debug|Any CPU
		{B34EDC21-8A35-4AC6-A449-167B259AFD51}.Debug|x86.Build.0 = Debug|Any CPU
		{B34EDC21-8A35-4AC6-A449-167B259AFD51}.Release|Any CPU.ActiveCfg = Release|Any CPU
		{B34EDC21-8A35-4AC6-A449-167B259AFD51}.Release|Any CPU.Build.0 = Release|Any CPU
		{B34EDC21-8A35-4AC6-A449-167B259AFD51}.Release|x86.ActiveCfg = Release|Any CPU
		{B34EDC21-8A35-4AC6-A449-167B259AFD51}.Release|x86.Build.0 = Release|Any CPU
		{8307A24C-BB04-4976-8D4F-1A2459BCB36B}.Debug|Any CPU.ActiveCfg = Debug|Any CPU
		{8307A24C-BB04-4976-8D4F-1A2459BCB36B}.Debug|Any CPU.Build.0 = Debug|Any CPU
		{8307A24C-BB04-4976-8D4F-1A2459BCB36B}.Debug|x86.ActiveCfg = Debug|Any CPU
		{8307A24C-BB04-4976-8D4F-1A2459BCB36B}.Debug|x86.Build.0 = Debug|Any CPU
		{8307A24C-BB04-4976-8D4F-1A2459BCB36B}.Release|Any CPU.ActiveCfg = Release|Any CPU
		{8307A24C-BB04-4976-8D4F-1A2459BCB36B}.Release|Any CPU.Build.0 = Release|Any CPU
		{8307A24C-BB04-4976-8D4F-1A2459BCB36B}.Release|x86.ActiveCfg = Release|Any CPU
		{8307A24C-BB04-4976-8D4F-1A2459BCB36B}.Release|x86.Build.0 = Release|Any CPU
		{7A54336C-6854-4F0E-96EB-71D5F5616174}.Debug|Any CPU.ActiveCfg = Debug|Any CPU
		{7A54336C-6854-4F0E-96EB-71D5F5616174}.Debug|Any CPU.Build.0 = Debug|Any CPU
		{7A54336C-6854-4F0E-96EB-71D5F5616174}.Debug|x86.ActiveCfg = Debug|Any CPU
		{7A54336C-6854-4F0E-96EB-71D5F5616174}.Debug|x86.Build.0 = Debug|Any CPU
		{7A54336C-6854-4F0E-96EB-71D5F5616174}.Release|Any CPU.ActiveCfg = Release|Any CPU
		{7A54336C-6854-4F0E-96EB-71D5F5616174}.Release|Any CPU.Build.0 = Release|Any CPU
		{7A54336C-6854-4F0E-96EB-71D5F5616174}.Release|x86.ActiveCfg = Release|Any CPU
		{7A54336C-6854-4F0E-96EB-71D5F5616174}.Release|x86.Build.0 = Release|Any CPU
		{F2DA7A16-F821-4447-84FF-77BDB02D7782}.Debug|Any CPU.ActiveCfg = Debug|Any CPU
		{F2DA7A16-F821-4447-84FF-77BDB02D7782}.Debug|Any CPU.Build.0 = Debug|Any CPU
		{F2DA7A16-F821-4447-84FF-77BDB02D7782}.Debug|x86.ActiveCfg = Debug|Any CPU
		{F2DA7A16-F821-4447-84FF-77BDB02D7782}.Debug|x86.Build.0 = Debug|Any CPU
		{F2DA7A16-F821-4447-84FF-77BDB02D7782}.Release|Any CPU.ActiveCfg = Release|Any CPU
		{F2DA7A16-F821-4447-84FF-77BDB02D7782}.Release|Any CPU.Build.0 = Release|Any CPU
		{F2DA7A16-F821-4447-84FF-77BDB02D7782}.Release|x86.ActiveCfg = Release|Any CPU
		{F2DA7A16-F821-4447-84FF-77BDB02D7782}.Release|x86.Build.0 = Release|Any CPU
	EndGlobalSection
	GlobalSection(SolutionProperties) = preSolution
		HideSolutionNode = FALSE
	EndGlobalSection
	GlobalSection(NestedProjects) = preSolution
		{A462A220-B4ED-4BAE-AC32-2BE73949D69E} = {ADD4C9F9-5C24-4DBE-8C19-E40CA4763B62}
		{3A3C4452-54B2-4060-A112-CA3F310EA0BB} = {ADD4C9F9-5C24-4DBE-8C19-E40CA4763B62}
		{1EC8600F-9F64-4FB3-BFB3-F68197D7A2BE} = {ADD4C9F9-5C24-4DBE-8C19-E40CA4763B62}
		{90A526DE-A6B0-472C-B7B1-E5E10F3F12A7} = {ADD4C9F9-5C24-4DBE-8C19-E40CA4763B62}
		{FABDFB18-3BD6-46D6-BD9E-374B25E97497} = {ADD4C9F9-5C24-4DBE-8C19-E40CA4763B62}
		{534408EA-5B54-4686-977C-E3C1073765D9} = {ADD4C9F9-5C24-4DBE-8C19-E40CA4763B62}
		{1801D169-352D-411D-9A82-84F3AA969D48} = {ADD4C9F9-5C24-4DBE-8C19-E40CA4763B62}
		{90031DC6-465C-4C59-AAA4-CD04A04CCD1D} = {ADD4C9F9-5C24-4DBE-8C19-E40CA4763B62}
		{10423E25-0551-4D16-8AC9-A807A29C2779} = {ADD4C9F9-5C24-4DBE-8C19-E40CA4763B62}
		{B34EDC21-8A35-4AC6-A449-167B259AFD51} = {ADD4C9F9-5C24-4DBE-8C19-E40CA4763B62}
		{8307A24C-BB04-4976-8D4F-1A2459BCB36B} = {ADD4C9F9-5C24-4DBE-8C19-E40CA4763B62}
		{7A54336C-6854-4F0E-96EB-71D5F5616174} = {15EE89DB-2D89-4231-B8E7-B2B83A947CAF}
		{F2DA7A16-F821-4447-84FF-77BDB02D7782} = {15EE89DB-2D89-4231-B8E7-B2B83A947CAF}
	EndGlobalSection
	GlobalSection(ExtensibilityGlobals) = postSolution
		SolutionGuid = {078411D2-3C8D-47A6-83FE-582FF0EE8138}
	EndGlobalSection
EndGlobal
